{
  "requires": true,
  "lockfileVersion": 1,
  "dependencies": {
    "@popperjs/core": {
      "version": "2.8.6",
      "resolved": "https://npme.walmart.com/@popperjs/core/-/core-2.8.6.tgz",
      "integrity": "sha512-1oXH2bAFXz9SttE1v/0Jp+2ZVePsPEAPGIuPKrmljWZcS3FPBEn2Q4WcANozZC0YiCjTWOF55k0g6rbSZS39ew=="
    },
    "@types/bootstrap": {
      "version": "5.0.8",
      "resolved": "https://npme.walmart.com/@types/bootstrap/-/bootstrap-5.0.8.tgz",
      "integrity": "sha512-jZh3E0J925ClLlcRy9G0A9sfep3WXhElNpv0s6ZDufX8SJ2+1eO0TactMH+AEB8tjrm362zPRvyXmvuFxeexqw==",
      "requires": {
        "@popperjs/core": "^2.6.0",
        "@types/jquery": "*"
      }
    },
    "@types/bootstrap-datepicker": {
      "version": "0.0.14",
      "resolved": "https://npme.walmart.com/@types/bootstrap-datepicker/-/bootstrap-datepicker-0.0.14.tgz",
      "integrity": "sha512-ZBwEUuwYpehEHWtkaIDl55N3F6dPz6xEsoPW5esCZdtuhuZdNC/ebFV2n48kATcY5S2HD3V0O5/J8nuEgVk9fQ==",
      "requires": {
        "@types/jquery": "*"
      }
    },
    "@types/jquery": {
      "version": "3.5.5",
      "resolved": "https://npme.walmart.com/@types/jquery/-/jquery-3.5.5.tgz",
      "integrity": "sha512-6RXU9Xzpc6vxNrS6FPPapN1SxSHgQ336WC6Jj/N8q30OiaBZ00l1GBgeP7usjVZPivSkGUfL1z/WW6TX989M+w==",
      "requires": {
        "@types/sizzle": "*"
      }
    },
    "@types/microsoft-ajax": {
      "version": "0.0.35",
      "resolved": "https://npme.walmart.com/@types/microsoft-ajax/-/microsoft-ajax-0.0.35.tgz",
      "integrity": "sha512-uM+VKi5q/EjhsCSfH/raPPB5qxuSuOIgmn03LEpDrvDKgsFxvTFeeaRIgib2imNAm7GOQ4MhgsNWiIRGK/YxcQ=="
    },
    "@types/sizzle": {
      "version": "2.3.2",
      "resolved": "https://npme.walmart.com/@types/sizzle/-/sizzle-2.3.2.tgz",
      "integrity": "sha512-7EJYyKTL7tFR8+gDbB6Wwz/arpGa0Mywk1TJbNzKzHtzbwVmY4HR9WqS5VV7dsBUKQmPNr192jHr/VpBluj/hg=="
    },
    "popper.js": {
      "version": "1.16.1",
      "resolved": "https://npme.walmart.com/popper.js/-/popper.js-1.16.1.tgz",
      "integrity": "sha512-Wb4p1J4zyFTbM+u6WuO4XstYx4Ky9Cewe4DWrel7B0w6VVICvPwdOpotjzcf6eD8TsckVnIMNONQyPIUFOUbCQ=="
    }
  }
}
